
Microsoft Visual Studio Solution File, Format Version 12.00
# Visual Studio Version 17
VisualStudioVersion = 17.10.35013.160
MinimumVisualStudioVersion = 10.0.40219.1
Project("{FAE04EC0-301F-11D3-BF4B-00C04F79EFBC}") = "E-commerceAPI", "E-commerce\E-commerceAPI.csproj", "{9A520ABD-FEEF-4296-B08B-1F26B0A2AE5E}"
EndProject
Global
	GlobalSection(SolutionConfigurationPlatforms) = preSolution
		Debug|Any CPU = Debug|Any CPU
		Release|Any CPU = Release|Any CPU
	EndGlobalSection
	GlobalSection(ProjectConfigurationPlatforms) = postSolution
		{9A520ABD-FEEF-4296-B08B-1F26B0A2AE5E}.Debug|Any CPU.ActiveCfg = Debug|Any CPU
		{9A520ABD-FEEF-4296-B08B-1F26B0A2AE5E}.Debug|Any CPU.Build.0 = Debug|Any CPU
		{9A520ABD-FEEF-4296-B08B-1F26B0A2AE5E}.Release|Any CPU.ActiveCfg = Release|Any CPU
		{9A520ABD-FEEF-4296-B08B-1F26B0A2AE5E}.Release|Any CPU.Build.0 = Release|Any CPU
	EndGlobalSection
	GlobalSection(SolutionProperties) = preSolution
		HideSolutionNode = FALSE
	EndGlobalSection
	GlobalSection(ExtensibilityGlobals) = postSolution
		SolutionGuid = {3DC08E32-7EE6-4466-829F-24AE11051D7B}
	EndGlobalSection
EndGlobal
